
Microsoft Visual Studio Solution File, Format Version 12.00
# Visual Studio 14
VisualStudioVersion = 14.0.24720.0
MinimumVisualStudioVersion = 10.0.40219.1
Project("{FAE04EC0-301F-11D3-BF4B-00C04F79EFBC}") = "FotoABildTest.Droid", "FotoABildTest\FotoABildTest.Droid\FotoABildTest.Droid.csproj", "{20831F14-D473-417F-BCBF-4901BD644026}"
EndProject
Project("{FAE04EC0-301F-11D3-BF4B-00C04F79EFBC}") = "FotoABildTest.iOS", "FotoABildTest\FotoABildTest.iOS\FotoABildTest.iOS.csproj", "{86A4B246-D7A9-465C-8B95-9F3D890F9A5F}"
EndProject
Project("{FAE04EC0-301F-11D3-BF4B-00C04F79EFBC}") = "FotoABildTest", "FotoABildTest\FotoABildTest\FotoABildTest.csproj", "{3966639F-D395-40C7-906B-866C2B339258}"
EndProject
Global
	GlobalSection(SolutionConfigurationPlatforms) = preSolution
		AppStore|Any CPU = AppStore|Any CPU
		AppStore|iPhone = AppStore|iPhone
		AppStore|iPhoneSimulator = AppStore|iPhoneSimulator
		Debug|Any CPU = Debug|Any CPU
		Debug|iPhone = Debug|iPhone
		Debug|iPhoneSimulator = Debug|iPhoneSimulator
		Release|Any CPU = Release|Any CPU
		Release|iPhone = Release|iPhone
		Release|iPhoneSimulator = Release|iPhoneSimulator
	EndGlobalSection
	GlobalSection(ProjectConfigurationPlatforms) = postSolution
		{20831F14-D473-417F-BCBF-4901BD644026}.AppStore|Any CPU.ActiveCfg = Release|Any CPU
		{20831F14-D473-417F-BCBF-4901BD644026}.AppStore|Any CPU.Build.0 = Release|Any CPU
		{20831F14-D473-417F-BCBF-4901BD644026}.AppStore|Any CPU.Deploy.0 = Release|Any CPU
		{20831F14-D473-417F-BCBF-4901BD644026}.AppStore|iPhone.ActiveCfg = Release|Any CPU
		{20831F14-D473-417F-BCBF-4901BD644026}.AppStore|iPhone.Build.0 = Release|Any CPU
		{20831F14-D473-417F-BCBF-4901BD644026}.AppStore|iPhone.Deploy.0 = Release|Any CPU
		{20831F14-D473-417F-BCBF-4901BD644026}.AppStore|iPhoneSimulator.ActiveCfg = Release|Any CPU
		{20831F14-D473-417F-BCBF-4901BD644026}.AppStore|iPhoneSimulator.Build.0 = Release|Any CPU
		{20831F14-D473-417F-BCBF-4901BD644026}.AppStore|iPhoneSimulator.Deploy.0 = Release|Any CPU
		{20831F14-D473-417F-BCBF-4901BD644026}.Debug|Any CPU.ActiveCfg = Debug|Any CPU
		{20831F14-D473-417F-BCBF-4901BD644026}.Debug|Any CPU.Build.0 = Debug|Any CPU
		{20831F14-D473-417F-BCBF-4901BD644026}.Debug|Any CPU.Deploy.0 = Debug|Any CPU
		{20831F14-D473-417F-BCBF-4901BD644026}.Debug|iPhone.ActiveCfg = Debug|Any CPU
		{20831F14-D473-417F-BCBF-4901BD644026}.Debug|iPhone.Build.0 = Debug|Any CPU
		{20831F14-D473-417F-BCBF-4901BD644026}.Debug|iPhone.Deploy.0 = Debug|Any CPU
		{20831F14-D473-417F-BCBF-4901BD644026}.Debug|iPhoneSimulator.ActiveCfg = Debug|Any CPU
		{20831F14-D473-417F-BCBF-4901BD644026}.Debug|iPhoneSimulator.Build.0 = Debug|Any CPU
		{20831F14-D473-417F-BCBF-4901BD644026}.Debug|iPhoneSimulator.Deploy.0 = Debug|Any CPU
		{20831F14-D473-417F-BCBF-4901BD644026}.Release|Any CPU.ActiveCfg = Release|Any CPU
		{20831F14-D473-417F-BCBF-4901BD644026}.Release|Any CPU.Build.0 = Release|Any CPU
		{20831F14-D473-417F-BCBF-4901BD644026}.Release|Any CPU.Deploy.0 = Release|Any CPU
		{20831F14-D473-417F-BCBF-4901BD644026}.Release|iPhone.ActiveCfg = Release|Any CPU
		{20831F14-D473-417F-BCBF-4901BD644026}.Release|iPhone.Build.0 = Release|Any CPU
		{20831F14-D473-417F-BCBF-4901BD644026}.Release|iPhone.Deploy.0 = Release|Any CPU
		{20831F14-D473-417F-BCBF-4901BD644026}.Release|iPhoneSimulator.ActiveCfg = Release|Any CPU
		{20831F14-D473-417F-BCBF-4901BD644026}.Release|iPhoneSimulator.Build.0 = Release|Any CPU
		{20831F14-D473-417F-BCBF-4901BD644026}.Release|iPhoneSimulator.Deploy.0 = Release|Any CPU
		{86A4B246-D7A9-465C-8B95-9F3D890F9A5F}.AppStore|Any CPU.ActiveCfg = AppStore|iPhone
		{86A4B246-D7A9-465C-8B95-9F3D890F9A5F}.AppStore|iPhone.ActiveCfg = AppStore|iPhone
		{86A4B246-D7A9-465C-8B95-9F3D890F9A5F}.AppStore|iPhone.Build.0 = AppStore|iPhone
		{86A4B246-D7A9-465C-8B95-9F3D890F9A5F}.AppStore|iPhoneSimulator.ActiveCfg = AppStore|iPhoneSimulator
		{86A4B246-D7A9-465C-8B95-9F3D890F9A5F}.AppStore|iPhoneSimulator.Build.0 = AppStore|iPhoneSimulator
		{86A4B246-D7A9-465C-8B95-9F3D890F9A5F}.Debug|Any CPU.ActiveCfg = Debug|iPhone
		{86A4B246-D7A9-465C-8B95-9F3D890F9A5F}.Debug|iPhone.ActiveCfg = Debug|iPhone
		{86A4B246-D7A9-465C-8B95-9F3D890F9A5F}.Debug|iPhone.Build.0 = Debug|iPhone
		{86A4B246-D7A9-465C-8B95-9F3D890F9A5F}.Debug|iPhoneSimulator.ActiveCfg = Debug|iPhoneSimulator
		{86A4B246-D7A9-465C-8B95-9F3D890F9A5F}.Debug|iPhoneSimulator.Build.0 = Debug|iPhoneSimulator
		{86A4B246-D7A9-465C-8B95-9F3D890F9A5F}.Release|Any CPU.ActiveCfg = Release|iPhone
		{86A4B246-D7A9-465C-8B95-9F3D890F9A5F}.Release|iPhone.ActiveCfg = Release|iPhone
		{86A4B246-D7A9-465C-8B95-9F3D890F9A5F}.Release|iPhone.Build.0 = Release|iPhone
		{86A4B246-D7A9-465C-8B95-9F3D890F9A5F}.Release|iPhoneSimulator.ActiveCfg = Release|iPhoneSimulator
		{86A4B246-D7A9-465C-8B95-9F3D890F9A5F}.Release|iPhoneSimulator.Build.0 = Release|iPhoneSimulator
		{3966639F-D395-40C7-906B-866C2B339258}.AppStore|Any CPU.ActiveCfg = Release|Any CPU
		{3966639F-D395-40C7-906B-866C2B339258}.AppStore|Any CPU.Build.0 = Release|Any CPU
		{3966639F-D395-40C7-906B-866C2B339258}.AppStore|iPhone.ActiveCfg = Release|Any CPU
		{3966639F-D395-40C7-906B-866C2B339258}.AppStore|iPhone.Build.0 = Release|Any CPU
		{3966639F-D395-40C7-906B-866C2B339258}.AppStore|iPhoneSimulator.ActiveCfg = Release|Any CPU
		{3966639F-D395-40C7-906B-866C2B339258}.AppStore|iPhoneSimulator.Build.0 = Release|Any CPU
		{3966639F-D395-40C7-906B-866C2B339258}.Debug|Any CPU.ActiveCfg = Debug|Any CPU
		{3966639F-D395-40C7-906B-866C2B339258}.Debug|Any CPU.Build.0 = Debug|Any CPU
		{3966639F-D395-40C7-906B-866C2B339258}.Debug|iPhone.ActiveCfg = Debug|Any CPU
		{3966639F-D395-40C7-906B-866C2B339258}.Debug|iPhone.Build.0 = Debug|Any CPU
		{3966639F-D395-40C7-906B-866C2B339258}.Debug|iPhoneSimulator.ActiveCfg = Debug|Any CPU
		{3966639F-D395-40C7-906B-866C2B339258}.Debug|iPhoneSimulator.Build.0 = Debug|Any CPU
		{3966639F-D395-40C7-906B-866C2B339258}.Release|Any CPU.ActiveCfg = Release|Any CPU
		{3966639F-D395-40C7-906B-866C2B339258}.Release|Any CPU.Build.0 = Release|Any CPU
		{3966639F-D395-40C7-906B-866C2B339258}.Release|iPhone.ActiveCfg = Release|Any CPU
		{3966639F-D395-40C7-906B-866C2B339258}.Release|iPhone.Build.0 = Release|Any CPU
		{3966639F-D395-40C7-906B-866C2B339258}.Release|iPhoneSimulator.ActiveCfg = Release|Any CPU
		{3966639F-D395-40C7-906B-866C2B339258}.Release|iPhoneSimulator.Build.0 = Release|Any CPU
	EndGlobalSection
	GlobalSection(SolutionProperties) = preSolution
		HideSolutionNode = FALSE
	EndGlobalSection
EndGlobal
